<?xml version="1.0" encoding="utf-8"?>
<Project ToolsVersion="4.0" xmlns="http://schemas.microsoft.com/developer/msbuild/2003">
  <ItemGroup>
    <Filter Include="Source Files">
      <UniqueIdentifier>{4FC737F1-C7A5-4376-A066-2A32D752A2FF}</UniqueIdentifier>
      <Extensions>cpp;c;cc;cxx;def;odl;idl;hpj;bat;asm;asmx</Extensions>
    </Filter>
    <Filter Include="Header Files">
      <UniqueIdentifier>{93995380-89BD-4b04-88EB-625FBE52EBFB}</UniqueIdentifier>
      <Extensions>h;hh;hpp;hxx;hm;inl;inc;ipp;xsd</Extensions>
    </Filter>
    <Filter Include="rsc">
      <UniqueIdentifier>{6b94f400-9b77-409c-8c56-33b3b003d598}</UniqueIdentifier>
    </Filter>
    <Filter Include="rsc\png">
      <UniqueIdentifier>{631c491f-58f4-4b4e-bc32-9ac1f9dc7e6e}</UniqueIdentifier>
    </Filter>
  </ItemGroup>
  <ItemGroup>
    <ClCompile Include="main.cpp">
      <Filter>Source Files</Filter>
    </ClCompile>
    <ClCompile Include="SdlEngine.cpp">
      <Filter>Source Files</Filter>
    </ClCompile>
    <ClCompile Include="XlsxParser.cpp">
      <Filter>Source Files</Filter>
    </ClCompile>
    <ClCompile Include="SewPatternDrawer.cpp">
      <Filter>Source Files</Filter>
    </ClCompile>
    <ClCompile Include="SewPatApp.cpp">
      <Filter>Source Files</Filter>
    </ClCompile>
    <ClCompile Include="DxfFileHandler.cpp">
      <Filter>Source Files</Filter>
    </ClCompile>
    <ClCompile Include="XlsxSheet.cpp">
      <Filter>Source Files</Filter>
    </ClCompile>
    <ClCompile Include="XlsxRow.cpp">
      <Filter>Source Files</Filter>
    </ClCompile>
    <ClCompile Include="XlsxCell.cpp">
      <Filter>Source Files</Filter>
    </ClCompile>
  </ItemGroup>
  <ItemGroup>
    <ClInclude Include="SdlEngine.h">
      <Filter>Header Files</Filter>
    </ClInclude>
    <ClInclude Include="XlsxParser.h">
      <Filter>Header Files</Filter>
    </ClInclude>
    <ClInclude Include="SewPatternDrawer.h">
      <Filter>Header Files</Filter>
    </ClInclude>
    <ClInclude Include="IDrawer.h">
      <Filter>Header Files</Filter>
    </ClInclude>
    <ClInclude Include="IParser.h">
      <Filter>Header Files</Filter>
    </ClInclude>
    <ClInclude Include="SewPatApp.h">
      <Filter>Header Files</Filter>
    </ClInclude>
    <ClInclude Include="DxfFileHandler.h">
      <Filter>Header Files</Filter>
    </ClInclude>
    <ClInclude Include="IFileHandler.h">
      <Filter>Header Files</Filter>
    </ClInclude>
    <ClInclude Include="XlsxSheet.h">
      <Filter>Header Files</Filter>
    </ClInclude>
    <ClInclude Include="XlsxRow.h">
      <Filter>Header Files</Filter>
    </ClInclude>
    <ClInclude Include="XlsxCell.h">
      <Filter>Header Files</Filter>
    </ClInclude>
  </ItemGroup>
  <ItemGroup>
    <Image Include="rsc\png\draw.png">
      <Filter>rsc\png</Filter>
    </Image>
    <Image Include="rsc\png\drop.png">
      <Filter>rsc\png</Filter>
    </Image>
    <Image Include="rsc\png\quit.png">
      <Filter>rsc\png</Filter>
    </Image>
    <Image Include="rsc\png\save.png">
      <Filter>rsc\png</Filter>
    </Image>
  </ItemGroup>
</Project>