
Microsoft Visual Studio Solution File, Format Version 12.00
# Visual Studio 15
VisualStudioVersion = 15.0.28010.2016
MinimumVisualStudioVersion = 10.0.40219.1
Project("{8BC9CEB8-8B4A-11D0-8D11-00A0C91BC942}") = "SewPat", "SewPat.vcxproj", "{3AEB018E-6108-47A2-B618-64859ACE1F3A}"
EndProject
Global
	GlobalSection(SolutionConfigurationPlatforms) = preSolution
		Debug|x64 = Debug|x64
		Debug|x86 = Debug|x86
		Release|x64 = Release|x64
		Release|x86 = Release|x86
	EndGlobalSection
	GlobalSection(ProjectConfigurationPlatforms) = postSolution
		{3AEB018E-6108-47A2-B618-64859ACE1F3A}.Debug|x64.ActiveCfg = Debug|x64
		{3AEB018E-6108-47A2-B618-64859ACE1F3A}.Debug|x64.Build.0 = Debug|x64
		{3AEB018E-6108-47A2-B618-64859ACE1F3A}.Debug|x86.ActiveCfg = Debug|Win32
		{3AEB018E-6108-47A2-B618-64859ACE1F3A}.Debug|x86.Build.0 = Debug|Win32
		{3AEB018E-6108-47A2-B618-64859ACE1F3A}.Release|x64.ActiveCfg = Release|x64
		{3AEB018E-6108-47A2-B618-64859ACE1F3A}.Release|x64.Build.0 = Release|x64
		{3AEB018E-6108-47A2-B618-64859ACE1F3A}.Release|x86.ActiveCfg = Release|Win32
		{3AEB018E-6108-47A2-B618-64859ACE1F3A}.Release|x86.Build.0 = Release|Win32
	EndGlobalSection
	GlobalSection(SolutionProperties) = preSolution
		HideSolutionNode = FALSE
	EndGlobalSection
	GlobalSection(ExtensibilityGlobals) = postSolution
		SolutionGuid = {24735FDD-322D-49DB-B62E-8D346DF43597}
	EndGlobalSection
EndGlobal
